// !$*UTF8*$!
{
	archiveVersion = 1;
	classes = {
	};
	objectVersion = 56;
	objects = {

/* Begin PBXBuildFile section */
		6B3171A7295BD38A005ADBF8 /* GymNotesApp.swift in Sources */ = {isa = PBXBuildFile; fileRef = 6B3171A6295BD38A005ADBF8 /* GymNotesApp.swift */; };
		6B3171A9295BD38A005ADBF8 /* ContentView.swift in Sources */ = {isa = PBXBuildFile; fileRef = 6B3171A8295BD38A005ADBF8 /* ContentView.swift */; };
		6B3171AB295BD38C005ADBF8 /* Assets.xcassets in Resources */ = {isa = PBXBuildFile; fileRef = 6B3171AA295BD38C005ADBF8 /* Assets.xcassets */; };
		6B3171AE295BD38C005ADBF8 /* Preview Assets.xcassets in Resources */ = {isa = PBXBuildFile; fileRef = 6B3171AD295BD38C005ADBF8 /* Preview Assets.xcassets */; };
		6B3171B0295BD38C005ADBF8 /* Persistence.swift in Sources */ = {isa = PBXBuildFile; fileRef = 6B3171AF295BD38C005ADBF8 /* Persistence.swift */; };
		6B3171B3295BD38C005ADBF8 /* GymNotes.xcdatamodeld in Sources */ = {isa = PBXBuildFile; fileRef = 6B3171B1295BD38C005ADBF8 /* GymNotes.xcdatamodeld */; };
		6B3171BE295BD38C005ADBF8 /* GymNotesTests.swift in Sources */ = {isa = PBXBuildFile; fileRef = 6B3171BD295BD38C005ADBF8 /* GymNotesTests.swift */; };
		6B3171C8295BD38C005ADBF8 /* GymNotesUITests.swift in Sources */ = {isa = PBXBuildFile; fileRef = 6B3171C7295BD38C005ADBF8 /* GymNotesUITests.swift */; };
		6B3171CA295BD38C005ADBF8 /* GymNotesUITestsLaunchTests.swift in Sources */ = {isa = PBXBuildFile; fileRef = 6B3171C9295BD38C005ADBF8 /* GymNotesUITestsLaunchTests.swift */; };
		6B3171D72964D9D9005ADBF8 /* TabsViews.swift in Sources */ = {isa = PBXBuildFile; fileRef = 6B3171D62964D9D8005ADBF8 /* TabsViews.swift */; };
		6B3171DA2964DBAE005ADBF8 /* MyDataView.swift in Sources */ = {isa = PBXBuildFile; fileRef = 6B3171D92964DBAE005ADBF8 /* MyDataView.swift */; };
		6B3171DC2964DC67005ADBF8 /* ProfileView.swift in Sources */ = {isa = PBXBuildFile; fileRef = 6B3171DB2964DC67005ADBF8 /* ProfileView.swift */; };
		6B3171DF2965E8F5005ADBF8 /* NoteDetailView.swift in Sources */ = {isa = PBXBuildFile; fileRef = 6B3171DE2965E8F5005ADBF8 /* NoteDetailView.swift */; };
		6B3171E32965F7F0005ADBF8 /* DataModels.swift in Sources */ = {isa = PBXBuildFile; fileRef = 6B3171E22965F7F0005ADBF8 /* DataModels.swift */; };
		6B31722A2968B8F5005ADBF8 /* README.md in Resources */ = {isa = PBXBuildFile; fileRef = 6B3172292968B8F5005ADBF8 /* README.md */; };
/* End PBXBuildFile section */

/* Begin PBXContainerItemProxy section */
		6B3171BA295BD38C005ADBF8 /* PBXContainerItemProxy */ = {
			isa = PBXContainerItemProxy;
			containerPortal = 6B31719B295BD38A005ADBF8 /* Project object */;
			proxyType = 1;
			remoteGlobalIDString = 6B3171A2295BD38A005ADBF8;
			remoteInfo = GymNotes;
		};
		6B3171C4295BD38C005ADBF8 /* PBXContainerItemProxy */ = {
			isa = PBXContainerItemProxy;
			containerPortal = 6B31719B295BD38A005ADBF8 /* Project object */;
			proxyType = 1;
			remoteGlobalIDString = 6B3171A2295BD38A005ADBF8;
			remoteInfo = GymNotes;
		};
/* End PBXContainerItemProxy section */

/* Begin PBXFileReference section */
		6B3171A3295BD38A005ADBF8 /* GymNotes.app */ = {isa = PBXFileReference; explicitFileType = wrapper.application; includeInIndex = 0; path = GymNotes.app; sourceTree = BUILT_PRODUCTS_DIR; };
		6B3171A6295BD38A005ADBF8 /* GymNotesApp.swift */ = {isa = PBXFileReference; lastKnownFileType = sourcecode.swift; path = GymNotesApp.swift; sourceTree = "<group>"; };
		6B3171A8295BD38A005ADBF8 /* ContentView.swift */ = {isa = PBXFileReference; lastKnownFileType = sourcecode.swift; path = ContentView.swift; sourceTree = "<group>"; };
		6B3171AA295BD38C005ADBF8 /* Assets.xcassets */ = {isa = PBXFileReference; lastKnownFileType = folder.assetcatalog; path = Assets.xcassets; sourceTree = "<group>"; };
		6B3171AD295BD38C005ADBF8 /* Preview Assets.xcassets */ = {isa = PBXFileReference; lastKnownFileType = folder.assetcatalog; path = "Preview Assets.xcassets"; sourceTree = "<group>"; };
		6B3171AF295BD38C005ADBF8 /* Persistence.swift */ = {isa = PBXFileReference; lastKnownFileType = sourcecode.swift; path = Persistence.swift; sourceTree = "<group>"; };
		6B3171B2295BD38C005ADBF8 /* GymNotes.xcdatamodel */ = {isa = PBXFileReference; lastKnownFileType = wrapper.xcdatamodel; path = GymNotes.xcdatamodel; sourceTree = "<group>"; };
		6B3171B4295BD38C005ADBF8 /* Info.plist */ = {isa = PBXFileReference; lastKnownFileType = text.plist.xml; path = Info.plist; sourceTree = "<group>"; };
		6B3171B9295BD38C005ADBF8 /* GymNotesTests.xctest */ = {isa = PBXFileReference; explicitFileType = wrapper.cfbundle; includeInIndex = 0; path = GymNotesTests.xctest; sourceTree = BUILT_PRODUCTS_DIR; };
		6B3171BD295BD38C005ADBF8 /* GymNotesTests.swift */ = {isa = PBXFileReference; lastKnownFileType = sourcecode.swift; path = GymNotesTests.swift; sourceTree = "<group>"; };
		6B3171C3295BD38C005ADBF8 /* GymNotesUITests.xctest */ = {isa = PBXFileReference; explicitFileType = wrapper.cfbundle; includeInIndex = 0; path = GymNotesUITests.xctest; sourceTree = BUILT_PRODUCTS_DIR; };
		6B3171C7295BD38C005ADBF8 /* GymNotesUITests.swift */ = {isa = PBXFileReference; lastKnownFileType = sourcecode.swift; path = GymNotesUITests.swift; sourceTree = "<group>"; };
		6B3171C9295BD38C005ADBF8 /* GymNotesUITestsLaunchTests.swift */ = {isa = PBXFileReference; lastKnownFileType = sourcecode.swift; path = GymNotesUITestsLaunchTests.swift; sourceTree = "<group>"; };
		6B3171D62964D9D8005ADBF8 /* TabsViews.swift */ = {isa = PBXFileReference; lastKnownFileType = sourcecode.swift; path = TabsViews.swift; sourceTree = "<group>"; };
		6B3171D92964DBAE005ADBF8 /* MyDataView.swift */ = {isa = PBXFileReference; lastKnownFileType = sourcecode.swift; path = MyDataView.swift; sourceTree = "<group>"; };
		6B3171DB2964DC67005ADBF8 /* ProfileView.swift */ = {isa = PBXFileReference; lastKnownFileType = sourcecode.swift; path = ProfileView.swift; sourceTree = "<group>"; };
		6B3171DE2965E8F5005ADBF8 /* NoteDetailView.swift */ = {isa = PBXFileReference; lastKnownFileType = sourcecode.swift; path = NoteDetailView.swift; sourceTree = "<group>"; };
		6B3171E22965F7F0005ADBF8 /* DataModels.swift */ = {isa = PBXFileReference; lastKnownFileType = sourcecode.swift; path = DataModels.swift; sourceTree = "<group>"; };
		6B3172292968B8F5005ADBF8 /* README.md */ = {isa = PBXFileReference; fileEncoding = 4; lastKnownFileType = net.daringfireball.markdown; path = README.md; sourceTree = SOURCE_ROOT; };
/* End PBXFileReference section */

/* Begin PBXFrameworksBuildPhase section */
		6B3171A0295BD38A005ADBF8 /* Frameworks */ = {
			isa = PBXFrameworksBuildPhase;
			buildActionMask = 2147483647;
			files = (
			);
			runOnlyForDeploymentPostprocessing = 0;
		};
		6B3171B6295BD38C005ADBF8 /* Frameworks */ = {
			isa = PBXFrameworksBuildPhase;
			buildActionMask = 2147483647;
			files = (
			);
			runOnlyForDeploymentPostprocessing = 0;
		};
		6B3171C0295BD38C005ADBF8 /* Frameworks */ = {
			isa = PBXFrameworksBuildPhase;
			buildActionMask = 2147483647;
			files = (
			);
			runOnlyForDeploymentPostprocessing = 0;
		};
/* End PBXFrameworksBuildPhase section */

/* Begin PBXGroup section */
		6B31719A295BD38A005ADBF8 = {
			isa = PBXGroup;
			children = (
				6B3171A5295BD38A005ADBF8 /* GymNotes */,
				6B3171BC295BD38C005ADBF8 /* GymNotesTests */,
				6B3171C6295BD38C005ADBF8 /* GymNotesUITests */,
				6B3171A4295BD38A005ADBF8 /* Products */,
			);
			sourceTree = "<group>";
		};
		6B3171A4295BD38A005ADBF8 /* Products */ = {
			isa = PBXGroup;
			children = (
				6B3171A3295BD38A005ADBF8 /* GymNotes.app */,
				6B3171B9295BD38C005ADBF8 /* GymNotesTests.xctest */,
				6B3171C3295BD38C005ADBF8 /* GymNotesUITests.xctest */,
			);
			name = Products;
			sourceTree = "<group>";
		};
		6B3171A5295BD38A005ADBF8 /* GymNotes */ = {
			isa = PBXGroup;
			children = (
				6B3172292968B8F5005ADBF8 /* README.md */,
				6B3171AF295BD38C005ADBF8 /* Persistence.swift */,
				6B3171A6295BD38A005ADBF8 /* GymNotesApp.swift */,
				6B3171D62964D9D8005ADBF8 /* TabsViews.swift */,
				6B3171E12965F7D8005ADBF8 /* Data */,
				6B3171D82964DB74005ADBF8 /* Tabs */,
				6B3171DD2965E8CF005ADBF8 /* Notes */,
				6B3171AA295BD38C005ADBF8 /* Assets.xcassets */,
				6B3171B4295BD38C005ADBF8 /* Info.plist */,
				6B3171B1295BD38C005ADBF8 /* GymNotes.xcdatamodeld */,
				6B3171AC295BD38C005ADBF8 /* Preview Content */,
			);
			path = GymNotes;
			sourceTree = "<group>";
		};
		6B3171AC295BD38C005ADBF8 /* Preview Content */ = {
			isa = PBXGroup;
			children = (
				6B3171AD295BD38C005ADBF8 /* Preview Assets.xcassets */,
			);
			path = "Preview Content";
			sourceTree = "<group>";
		};
		6B3171BC295BD38C005ADBF8 /* GymNotesTests */ = {
			isa = PBXGroup;
			children = (
				6B3171BD295BD38C005ADBF8 /* GymNotesTests.swift */,
			);
			path = GymNotesTests;
			sourceTree = "<group>";
		};
		6B3171C6295BD38C005ADBF8 /* GymNotesUITests */ = {
			isa = PBXGroup;
			children = (
				6B3171C7295BD38C005ADBF8 /* GymNotesUITests.swift */,
				6B3171C9295BD38C005ADBF8 /* GymNotesUITestsLaunchTests.swift */,
			);
			path = GymNotesUITests;
			sourceTree = "<group>";
		};
		6B3171D82964DB74005ADBF8 /* Tabs */ = {
			isa = PBXGroup;
			children = (
				6B3171E02965F6CA005ADBF8 /* ContentTab */,
				6B3171D92964DBAE005ADBF8 /* MyDataView.swift */,
				6B3171DB2964DC67005ADBF8 /* ProfileView.swift */,
			);
			path = Tabs;
			sourceTree = "<group>";
		};
		6B3171DD2965E8CF005ADBF8 /* Notes */ = {
			isa = PBXGroup;
			children = (
				6B3171DE2965E8F5005ADBF8 /* NoteDetailView.swift */,
			);
			path = Notes;
			sourceTree = "<group>";
		};
		6B3171E02965F6CA005ADBF8 /* ContentTab */ = {
			isa = PBXGroup;
			children = (
				6B3171A8295BD38A005ADBF8 /* ContentView.swift */,
			);
			path = ContentTab;
			sourceTree = "<group>";
		};
		6B3171E12965F7D8005ADBF8 /* Data */ = {
			isa = PBXGroup;
			children = (
				6B3171E22965F7F0005ADBF8 /* DataModels.swift */,
			);
			path = Data;
			sourceTree = "<group>";
		};
/* End PBXGroup section */

/* Begin PBXNativeTarget section */
		6B3171A2295BD38A005ADBF8 /* GymNotes */ = {
			isa = PBXNativeTarget;
			buildConfigurationList = 6B3171CD295BD38C005ADBF8 /* Build configuration list for PBXNativeTarget "GymNotes" */;
			buildPhases = (
				6B31719F295BD38A005ADBF8 /* Sources */,
				6B3171A0295BD38A005ADBF8 /* Frameworks */,
				6B3171A1295BD38A005ADBF8 /* Resources */,
			);
			buildRules = (
			);
			dependencies = (
			);
			name = GymNotes;
			productName = GymNotes;
			productReference = 6B3171A3295BD38A005ADBF8 /* GymNotes.app */;
			productType = "com.apple.product-type.application";
		};
		6B3171B8295BD38C005ADBF8 /* GymNotesTests */ = {
			isa = PBXNativeTarget;
			buildConfigurationList = 6B3171D0295BD38C005ADBF8 /* Build configuration list for PBXNativeTarget "GymNotesTests" */;
			buildPhases = (
				6B3171B5295BD38C005ADBF8 /* Sources */,
				6B3171B6295BD38C005ADBF8 /* Frameworks */,
				6B3171B7295BD38C005ADBF8 /* Resources */,
			);
			buildRules = (
			);
			dependencies = (
				6B3171BB295BD38C005ADBF8 /* PBXTargetDependency */,
			);
			name = GymNotesTests;
			productName = GymNotesTests;
			productReference = 6B3171B9295BD38C005ADBF8 /* GymNotesTests.xctest */;
			productType = "com.apple.product-type.bundle.unit-test";
		};
		6B3171C2295BD38C005ADBF8 /* GymNotesUITests */ = {
			isa = PBXNativeTarget;
			buildConfigurationList = 6B3171D3295BD38C005ADBF8 /* Build configuration list for PBXNativeTarget "GymNotesUITests" */;
			buildPhases = (
				6B3171BF295BD38C005ADBF8 /* Sources */,
				6B3171C0295BD38C005ADBF8 /* Frameworks */,
				6B3171C1295BD38C005ADBF8 /* Resources */,
			);
			buildRules = (
			);
			dependencies = (
				6B3171C5295BD38C005ADBF8 /* PBXTargetDependency */,
			);
			name = GymNotesUITests;
			productName = GymNotesUITests;
			productReference = 6B3171C3295BD38C005ADBF8 /* GymNotesUITests.xctest */;
			productType = "com.apple.product-type.bundle.ui-testing";
		};
/* End PBXNativeTarget section */

/* Begin PBXProject section */
		6B31719B295BD38A005ADBF8 /* Project object */ = {
			isa = PBXProject;
			attributes = {
				BuildIndependentTargetsInParallel = 1;
				LastSwiftUpdateCheck = 1410;
				LastUpgradeCheck = 1410;
				TargetAttributes = {
					6B3171A2295BD38A005ADBF8 = {
						CreatedOnToolsVersion = 14.1;
					};
					6B3171B8295BD38C005ADBF8 = {
						CreatedOnToolsVersion = 14.1;
						TestTargetID = 6B3171A2295BD38A005ADBF8;
					};
					6B3171C2295BD38C005ADBF8 = {
						CreatedOnToolsVersion = 14.1;
						TestTargetID = 6B3171A2295BD38A005ADBF8;
					};
				};
			};
			buildConfigurationList = 6B31719E295BD38A005ADBF8 /* Build configuration list for PBXProject "GymNotes" */;
			compatibilityVersion = "Xcode 14.0";
			developmentRegion = en;
			hasScannedForEncodings = 0;
			knownRegions = (
				en,
				Base,
			);
			mainGroup = 6B31719A295BD38A005ADBF8;
			productRefGroup = 6B3171A4295BD38A005ADBF8 /* Products */;
			projectDirPath = "";
			projectRoot = "";
			targets = (
				6B3171A2295BD38A005ADBF8 /* GymNotes */,
				6B3171B8295BD38C005ADBF8 /* GymNotesTests */,
				6B3171C2295BD38C005ADBF8 /* GymNotesUITests */,
			);
		};
/* End PBXProject section */

/* Begin PBXResourcesBuildPhase section */
		6B3171A1295BD38A005ADBF8 /* Resources */ = {
			isa = PBXResourcesBuildPhase;
			buildActionMask = 2147483647;
			files = (
				6B31722A2968B8F5005ADBF8 /* README.md in Resources */,
				6B3171AE295BD38C005ADBF8 /* Preview Assets.xcassets in Resources */,
				6B3171AB295BD38C005ADBF8 /* Assets.xcassets in Resources */,
			);
			runOnlyForDeploymentPostprocessing = 0;
		};
		6B3171B7295BD38C005ADBF8 /* Resources */ = {
			isa = PBXResourcesBuildPhase;
			buildActionMask = 2147483647;
			files = (
			);
			runOnlyForDeploymentPostprocessing = 0;
		};
		6B3171C1295BD38C005ADBF8 /* Resources */ = {
			isa = PBXResourcesBuildPhase;
			buildActionMask = 2147483647;
			files = (
			);
			runOnlyForDeploymentPostprocessing = 0;
		};
/* End PBXResourcesBuildPhase section */

/* Begin PBXSourcesBuildPhase section */
		6B31719F295BD38A005ADBF8 /* Sources */ = {
			isa = PBXSourcesBuildPhase;
			buildActionMask = 2147483647;
			files = (
				6B3171E32965F7F0005ADBF8 /* DataModels.swift in Sources */,
				6B3171B0295BD38C005ADBF8 /* Persistence.swift in Sources */,
				6B3171D72964D9D9005ADBF8 /* TabsViews.swift in Sources */,
				6B3171DA2964DBAE005ADBF8 /* MyDataView.swift in Sources */,
				6B3171DF2965E8F5005ADBF8 /* NoteDetailView.swift in Sources */,
				6B3171DC2964DC67005ADBF8 /* ProfileView.swift in Sources */,
				6B3171A9295BD38A005ADBF8 /* ContentView.swift in Sources */,
				6B3171A7295BD38A005ADBF8 /* GymNotesApp.swift in Sources */,
				6B3171B3295BD38C005ADBF8 /* GymNotes.xcdatamodeld in Sources */,
			);
			runOnlyForDeploymentPostprocessing = 0;
		};
		6B3171B5295BD38C005ADBF8 /* Sources */ = {
			isa = PBXSourcesBuildPhase;
			buildActionMask = 2147483647;
			files = (
				6B3171BE295BD38C005ADBF8 /* GymNotesTests.swift in Sources */,
			);
			runOnlyForDeploymentPostprocessing = 0;
		};
		6B3171BF295BD38C005ADBF8 /* Sources */ = {
			isa = PBXSourcesBuildPhase;
			buildActionMask = 2147483647;
			files = (
				6B3171CA295BD38C005ADBF8 /* GymNotesUITestsLaunchTests.swift in Sources */,
				6B3171C8295BD38C005ADBF8 /* GymNotesUITests.swift in Sources */,
			);
			runOnlyForDeploymentPostprocessing = 0;
		};
/* End PBXSourcesBuildPhase section */

/* Begin PBXTargetDependency section */
		6B3171BB295BD38C005ADBF8 /* PBXTargetDependency */ = {
			isa = PBXTargetDependency;
			target = 6B3171A2295BD38A005ADBF8 /* GymNotes */;
			targetProxy = 6B3171BA295BD38C005ADBF8 /* PBXContainerItemProxy */;
		};
		6B3171C5295BD38C005ADBF8 /* PBXTargetDependency */ = {
			isa = PBXTargetDependency;
			target = 6B3171A2295BD38A005ADBF8 /* GymNotes */;
			targetProxy = 6B3171C4295BD38C005ADBF8 /* PBXContainerItemProxy */;
		};
/* End PBXTargetDependency section */

/* Begin XCBuildConfiguration section */
		6B3171CB295BD38C005ADBF8 /* Debug */ = {
			isa = XCBuildConfiguration;
			buildSettings = {
				ALWAYS_SEARCH_USER_PATHS = NO;
				CLANG_ANALYZER_NONNULL = YES;
				CLANG_ANALYZER_NUMBER_OBJECT_CONVERSION = YES_AGGRESSIVE;
				CLANG_CXX_LANGUAGE_STANDARD = "gnu++20";
				CLANG_ENABLE_MODULES = YES;
				CLANG_ENABLE_OBJC_ARC = YES;
				CLANG_ENABLE_OBJC_WEAK = YES;
				CLANG_WARN_BLOCK_CAPTURE_AUTORELEASING = YES;
				CLANG_WARN_BOOL_CONVERSION = YES;
				CLANG_WARN_COMMA = YES;
				CLANG_WARN_CONSTANT_CONVERSION = YES;
				CLANG_WARN_DEPRECATED_OBJC_IMPLEMENTATIONS = YES;
				CLANG_WARN_DIRECT_OBJC_ISA_USAGE = YES_ERROR;
				CLANG_WARN_DOCUMENTATION_COMMENTS = YES;
				CLANG_WARN_EMPTY_BODY = YES;
				CLANG_WARN_ENUM_CONVERSION = YES;
				CLANG_WARN_INFINITE_RECURSION = YES;
				CLANG_WARN_INT_CONVERSION = YES;
				CLANG_WARN_NON_LITERAL_NULL_CONVERSION = YES;
				CLANG_WARN_OBJC_IMPLICIT_RETAIN_SELF = YES;
				CLANG_WARN_OBJC_LITERAL_CONVERSION = YES;
				CLANG_WARN_OBJC_ROOT_CLASS = YES_ERROR;
				CLANG_WARN_QUOTED_INCLUDE_IN_FRAMEWORK_HEADER = YES;
				CLANG_WARN_RANGE_LOOP_ANALYSIS = YES;
				CLANG_WARN_STRICT_PROTOTYPES = YES;
				CLANG_WARN_SUSPICIOUS_MOVE = YES;
				CLANG_WARN_UNGUARDED_AVAILABILITY = YES_AGGRESSIVE;
				CLANG_WARN_UNREACHABLE_CODE = YES;
				CLANG_WARN__DUPLICATE_METHOD_MATCH = YES;
				COPY_PHASE_STRIP = NO;
				DEBUG_INFORMATION_FORMAT = dwarf;
				ENABLE_STRICT_OBJC_MSGSEND = YES;
				ENABLE_TESTABILITY = YES;
				GCC_C_LANGUAGE_STANDARD = gnu11;
				GCC_DYNAMIC_NO_PIC = NO;
				GCC_NO_COMMON_BLOCKS = YES;
				GCC_OPTIMIZATION_LEVEL = 0;
				GCC_PREPROCESSOR_DEFINITIONS = (
					"DEBUG=1",
					"$(inherited)",
				);
				GCC_WARN_64_TO_32_BIT_CONVERSION = YES;
				GCC_WARN_ABOUT_RETURN_TYPE = YES_ERROR;
				GCC_WARN_UNDECLARED_SELECTOR = YES;
				GCC_WARN_UNINITIALIZED_AUTOS = YES_AGGRESSIVE;
				GCC_WARN_UNUSED_FUNCTION = YES;
				GCC_WARN_UNUSED_VARIABLE = YES;
				IPHONEOS_DEPLOYMENT_TARGET = 16.1;
				MTL_ENABLE_DEBUG_INFO = INCLUDE_SOURCE;
				MTL_FAST_MATH = YES;
				ONLY_ACTIVE_ARCH = YES;
				SDKROOT = iphoneos;
				SWIFT_ACTIVE_COMPILATION_CONDITIONS = DEBUG;
				SWIFT_OPTIMIZATION_LEVEL = "-Onone";
			};
			name = Debug;
		};
		6B3171CC295BD38C005ADBF8 /* Release */ = {
			isa = XCBuildConfiguration;
			buildSettings = {
				ALWAYS_SEARCH_USER_PATHS = NO;
				CLANG_ANALYZER_NONNULL = YES;
				CLANG_ANALYZER_NUMBER_OBJECT_CONVERSION = YES_AGGRESSIVE;
				CLANG_CXX_LANGUAGE_STANDARD = "gnu++20";
				CLANG_ENABLE_MODULES = YES;
				CLANG_ENABLE_OBJC_ARC = YES;
				CLANG_ENABLE_OBJC_WEAK = YES;
				CLANG_WARN_BLOCK_CAPTURE_AUTORELEASING = YES;
				CLANG_WARN_BOOL_CONVERSION = YES;
				CLANG_WARN_COMMA = YES;
				CLANG_WARN_CONSTANT_CONVERSION = YES;
				CLANG_WARN_DEPRECATED_OBJC_IMPLEMENTATIONS = YES;
				CLANG_WARN_DIRECT_OBJC_ISA_USAGE = YES_ERROR;
				CLANG_WARN_DOCUMENTATION_COMMENTS = YES;
				CLANG_WARN_EMPTY_BODY = YES;
				CLANG_WARN_ENUM_CONVERSION = YES;
				CLANG_WARN_INFINITE_RECURSION = YES;
				CLANG_WARN_INT_CONVERSION = YES;
				CLANG_WARN_NON_LITERAL_NULL_CONVERSION = YES;
				CLANG_WARN_OBJC_IMPLICIT_RETAIN_SELF = YES;
				CLANG_WARN_OBJC_LITERAL_CONVERSION = YES;
				CLANG_WARN_OBJC_ROOT_CLASS = YES_ERROR;
				CLANG_WARN_QUOTED_INCLUDE_IN_FRAMEWORK_HEADER = YES;
				CLANG_WARN_RANGE_LOOP_ANALYSIS = YES;
				CLANG_WARN_STRICT_PROTOTYPES = YES;
				CLANG_WARN_SUSPICIOUS_MOVE = YES;
				CLANG_WARN_UNGUARDED_AVAILABILITY = YES_AGGRESSIVE;
				CLANG_WARN_UNREACHABLE_CODE = YES;
				CLANG_WARN__DUPLICATE_METHOD_MATCH = YES;
				COPY_PHASE_STRIP = NO;
				DEBUG_INFORMATION_FORMAT = "dwarf-with-dsym";
				ENABLE_NS_ASSERTIONS = NO;
				ENABLE_STRICT_OBJC_MSGSEND = YES;
				GCC_C_LANGUAGE_STANDARD = gnu11;
				GCC_NO_COMMON_BLOCKS = YES;
				GCC_WARN_64_TO_32_BIT_CONVERSION = YES;
				GCC_WARN_ABOUT_RETURN_TYPE = YES_ERROR;
				GCC_WARN_UNDECLARED_SELECTOR = YES;
				GCC_WARN_UNINITIALIZED_AUTOS = YES_AGGRESSIVE;
				GCC_WARN_UNUSED_FUNCTION = YES;
				GCC_WARN_UNUSED_VARIABLE = YES;
				IPHONEOS_DEPLOYMENT_TARGET = 16.1;
				MTL_ENABLE_DEBUG_INFO = NO;
				MTL_FAST_MATH = YES;
				SDKROOT = iphoneos;
				SWIFT_COMPILATION_MODE = wholemodule;
				SWIFT_OPTIMIZATION_LEVEL = "-O";
				VALIDATE_PRODUCT = YES;
			};
			name = Release;
		};
		6B3171CE295BD38C005ADBF8 /* Debug */ = {
			isa = XCBuildConfiguration;
			buildSettings = {
				ASSETCATALOG_COMPILER_APPICON_NAME = AppIcon;
				ASSETCATALOG_COMPILER_GLOBAL_ACCENT_COLOR_NAME = AccentColor;
				CODE_SIGN_STYLE = Automatic;
				CURRENT_PROJECT_VERSION = 1;
				DEVELOPMENT_ASSET_PATHS = "\"GymNotes/Preview Content\"";
				DEVELOPMENT_TEAM = 6YMXJZ738L;
				ENABLE_PREVIEWS = YES;
				GENERATE_INFOPLIST_FILE = YES;
				INFOPLIST_KEY_UIApplicationSceneManifest_Generation = YES;
				INFOPLIST_KEY_UIApplicationSupportsIndirectInputEvents = YES;
				INFOPLIST_KEY_UILaunchScreen_Generation = YES;
				INFOPLIST_KEY_UISupportedInterfaceOrientations_iPad = "UIInterfaceOrientationPortrait UIInterfaceOrientationPortraitUpsideDown UIInterfaceOrientationLandscapeLeft UIInterfaceOrientationLandscapeRight";
				INFOPLIST_KEY_UISupportedInterfaceOrientations_iPhone = "UIInterfaceOrientationPortrait UIInterfaceOrientationLandscapeLeft UIInterfaceOrientationLandscapeRight";
				LD_RUNPATH_SEARCH_PATHS = (
					"$(inherited)",
					"@executable_path/Frameworks",
				);
				MARKETING_VERSION = 1.0;
				PRODUCT_BUNDLE_IDENTIFIER = com.Sheldon.GymNotes;
				PRODUCT_NAME = "$(TARGET_NAME)";
				SWIFT_EMIT_LOC_STRINGS = YES;
				SWIFT_VERSION = 5.0;
				TARGETED_DEVICE_FAMILY = "1,2";
			};
			name = Debug;
		};
		6B3171CF295BD38C005ADBF8 /* Release */ = {
			isa = XCBuildConfiguration;
			buildSettings = {
				ASSETCATALOG_COMPILER_APPICON_NAME = AppIcon;
				ASSETCATALOG_COMPILER_GLOBAL_ACCENT_COLOR_NAME = AccentColor;
				CODE_SIGN_STYLE = Automatic;
				CURRENT_PROJECT_VERSION = 1;
				DEVELOPMENT_ASSET_PATHS = "\"GymNotes/Preview Content\"";
				DEVELOPMENT_TEAM = 6YMXJZ738L;
				ENABLE_PREVIEWS = YES;
				GENERATE_INFOPLIST_FILE = YES;
				INFOPLIST_KEY_UIApplicationSceneManifest_Generation = YES;
				INFOPLIST_KEY_UIApplicationSupportsIndirectInputEvents = YES;
				INFOPLIST_KEY_UILaunchScreen_Generation = YES;
				INFOPLIST_KEY_UISupportedInterfaceOrientations_iPad = "UIInterfaceOrientationPortrait UIInterfaceOrientationPortraitUpsideDown UIInterfaceOrientationLandscapeLeft UIInterfaceOrientationLandscapeRight";
				INFOPLIST_KEY_UISupportedInterfaceOrientations_iPhone = "UIInterfaceOrientationPortrait UIInterfaceOrientationLandscapeLeft UIInterfaceOrientationLandscapeRight";
				LD_RUNPATH_SEARCH_PATHS = (
					"$(inherited)",
					"@executable_path/Frameworks",
				);
				MARKETING_VERSION = 1.0;
				PRODUCT_BUNDLE_IDENTIFIER = com.Sheldon.GymNotes;
				PRODUCT_NAME = "$(TARGET_NAME)";
				SWIFT_EMIT_LOC_STRINGS = YES;
				SWIFT_VERSION = 5.0;
				TARGETED_DEVICE_FAMILY = "1,2";
			};
			name = Release;
		};
		6B3171D1295BD38C005ADBF8 /* Debug */ = {
			isa = XCBuildConfiguration;
			buildSettings = {
				ALWAYS_EMBED_SWIFT_STANDARD_LIBRARIES = YES;
				BUNDLE_LOADER = "$(TEST_HOST)";
				CODE_SIGN_STYLE = Automatic;
				CURRENT_PROJECT_VERSION = 1;
				DEVELOPMENT_TEAM = 6YMXJZ738L;
				GENERATE_INFOPLIST_FILE = YES;
				IPHONEOS_DEPLOYMENT_TARGET = 16.1;
				MARKETING_VERSION = 1.0;
				PRODUCT_BUNDLE_IDENTIFIER = com.Sheldon.GymNotesTests;
				PRODUCT_NAME = "$(TARGET_NAME)";
				SWIFT_EMIT_LOC_STRINGS = NO;
				SWIFT_VERSION = 5.0;
				TARGETED_DEVICE_FAMILY = "1,2";
				TEST_HOST = "$(BUILT_PRODUCTS_DIR)/GymNotes.app/$(BUNDLE_EXECUTABLE_FOLDER_PATH)/GymNotes";
			};
			name = Debug;
		};
		6B3171D2295BD38C005ADBF8 /* Release */ = {
			isa = XCBuildConfiguration;
			buildSettings = {
				ALWAYS_EMBED_SWIFT_STANDARD_LIBRARIES = YES;
				BUNDLE_LOADER = "$(TEST_HOST)";
				CODE_SIGN_STYLE = Automatic;
				CURRENT_PROJECT_VERSION = 1;
				DEVELOPMENT_TEAM = 6YMXJZ738L;
				GENERATE_INFOPLIST_FILE = YES;
				IPHONEOS_DEPLOYMENT_TARGET = 16.1;
				MARKETING_VERSION = 1.0;
				PRODUCT_BUNDLE_IDENTIFIER = com.Sheldon.GymNotesTests;
				PRODUCT_NAME = "$(TARGET_NAME)";
				SWIFT_EMIT_LOC_STRINGS = NO;
				SWIFT_VERSION = 5.0;
				TARGETED_DEVICE_FAMILY = "1,2";
				TEST_HOST = "$(BUILT_PRODUCTS_DIR)/GymNotes.app/$(BUNDLE_EXECUTABLE_FOLDER_PATH)/GymNotes";
			};
			name = Release;
		};
		6B3171D4295BD38C005ADBF8 /* Debug */ = {
			isa = XCBuildConfiguration;
			buildSettings = {
				ALWAYS_EMBED_SWIFT_STANDARD_LIBRARIES = YES;
				CODE_SIGN_STYLE = Automatic;
				CURRENT_PROJECT_VERSION = 1;
				DEVELOPMENT_TEAM = 6YMXJZ738L;
				GENERATE_INFOPLIST_FILE = YES;
				MARKETING_VERSION = 1.0;
				PRODUCT_BUNDLE_IDENTIFIER = com.Sheldon.GymNotesUITests;
				PRODUCT_NAME = "$(TARGET_NAME)";
				SWIFT_EMIT_LOC_STRINGS = NO;
				SWIFT_VERSION = 5.0;
				TARGETED_DEVICE_FAMILY = "1,2";
				TEST_TARGET_NAME = GymNotes;
			};
			name = Debug;
		};
		6B3171D5295BD38C005ADBF8 /* Release */ = {
			isa = XCBuildConfiguration;
			buildSettings = {
				ALWAYS_EMBED_SWIFT_STANDARD_LIBRARIES = YES;
				CODE_SIGN_STYLE = Automatic;
				CURRENT_PROJECT_VERSION = 1;
				DEVELOPMENT_TEAM = 6YMXJZ738L;
				GENERATE_INFOPLIST_FILE = YES;
				MARKETING_VERSION = 1.0;
				PRODUCT_BUNDLE_IDENTIFIER = com.Sheldon.GymNotesUITests;
				PRODUCT_NAME = "$(TARGET_NAME)";
				SWIFT_EMIT_LOC_STRINGS = NO;
				SWIFT_VERSION = 5.0;
				TARGETED_DEVICE_FAMILY = "1,2";
				TEST_TARGET_NAME = GymNotes;
			};
			name = Release;
		};
/* End XCBuildConfiguration section */

/* Begin XCConfigurationList section */
		6B31719E295BD38A005ADBF8 /* Build configuration list for PBXProject "GymNotes" */ = {
			isa = XCConfigurationList;
			buildConfigurations = (
				6B3171CB295BD38C005ADBF8 /* Debug */,
				6B3171CC295BD38C005ADBF8 /* Release */,
			);
			defaultConfigurationIsVisible = 0;
			defaultConfigurationName = Release;
		};
		6B3171CD295BD38C005ADBF8 /* Build configuration list for PBXNativeTarget "GymNotes" */ = {
			isa = XCConfigurationList;
			buildConfigurations = (
				6B3171CE295BD38C005ADBF8 /* Debug */,
				6B3171CF295BD38C005ADBF8 /* Release */,
			);
			defaultConfigurationIsVisible = 0;
			defaultConfigurationName = Release;
		};
		6B3171D0295BD38C005ADBF8 /* Build configuration list for PBXNativeTarget "GymNotesTests" */ = {
			isa = XCConfigurationList;
			buildConfigurations = (
				6B3171D1295BD38C005ADBF8 /* Debug */,
				6B3171D2295BD38C005ADBF8 /* Release */,
			);
			defaultConfigurationIsVisible = 0;
			defaultConfigurationName = Release;
		};
		6B3171D3295BD38C005ADBF8 /* Build configuration list for PBXNativeTarget "GymNotesUITests" */ = {
			isa = XCConfigurationList;
			buildConfigurations = (
				6B3171D4295BD38C005ADBF8 /* Debug */,
				6B3171D5295BD38C005ADBF8 /* Release */,
			);
			defaultConfigurationIsVisible = 0;
			defaultConfigurationName = Release;
		};
/* End XCConfigurationList section */

/* Begin XCVersionGroup section */
		6B3171B1295BD38C005ADBF8 /* GymNotes.xcdatamodeld */ = {
			isa = XCVersionGroup;
			children = (
				6B3171B2295BD38C005ADBF8 /* GymNotes.xcdatamodel */,
			);
			currentVersion = 6B3171B2295BD38C005ADBF8 /* GymNotes.xcdatamodel */;
			path = GymNotes.xcdatamodeld;
			sourceTree = "<group>";
			versionGroupType = wrapper.xcdatamodel;
		};
/* End XCVersionGroup section */
	};
	rootObject = 6B31719B295BD38A005ADBF8 /* Project object */;
}
